# THIS IS AN AUTOGENERATED FILE. DO NOT EDIT THIS FILE DIRECTLY.
# yarn lockfile v1


"@prisma/client@^5.11.0":
  version "5.11.0"
  resolved "https://registry.yarnpkg.com/@prisma/client/-/client-5.11.0.tgz#d8e55fab85163415b2245fb408b9106f83c8106d"
  integrity sha512-SWshvS5FDXvgJKM/a0y9nDC1rqd7KG0Q6ZVzd+U7ZXK5soe73DJxJJgbNBt2GNXOa+ysWB4suTpdK5zfFPhwiw==

"@prisma/debug@5.11.0":
  version "5.11.0"
  resolved "https://registry.yarnpkg.com/@prisma/debug/-/debug-5.11.0.tgz#80e3f9d5a8f678c67a8783f7fcdda3cbbb8dd091"
  integrity sha512-N6yYr3AbQqaiUg+OgjkdPp3KPW1vMTAgtKX6+BiB/qB2i1TjLYCrweKcUjzOoRM5BriA4idrkTej9A9QqTfl3A==

"@prisma/engines-version@5.11.0-15.efd2449663b3d73d637ea1fd226bafbcf45b3102":
  version "5.11.0-15.efd2449663b3d73d637ea1fd226bafbcf45b3102"
  resolved "https://registry.yarnpkg.com/@prisma/engines-version/-/engines-version-5.11.0-15.efd2449663b3d73d637ea1fd226bafbcf45b3102.tgz#a7aa218b1ebf1077798c931632461aae8ce6a8f7"
  integrity sha512-WXCuyoymvrS4zLz4wQagSsc3/nE6CHy8znyiMv8RKazKymOMd5o9FP5RGwGHAtgoxd+aB/BWqxuP/Ckfu7/3MA==

"@prisma/engines@5.11.0":
  version "5.11.0"
  resolved "https://registry.yarnpkg.com/@prisma/engines/-/engines-5.11.0.tgz#96e941c5c81ce68f3a8b4c481007d397564c5d4b"
  integrity sha512-gbrpQoBTYWXDRqD+iTYMirDlF9MMlQdxskQXbhARhG6A/uFQjB7DZMYocMQLoiZXO/IskfDOZpPoZE8TBQKtEw==
  dependencies:
    "@prisma/debug" "5.11.0"
    "@prisma/engines-version" "5.11.0-15.efd2449663b3d73d637ea1fd226bafbcf45b3102"
    "@prisma/fetch-engine" "5.11.0"
    "@prisma/get-platform" "5.11.0"

"@prisma/fetch-engine@5.11.0":
  version "5.11.0"
  resolved "https://registry.yarnpkg.com/@prisma/fetch-engine/-/fetch-engine-5.11.0.tgz#cd7a2fa5b5d89f1da0689e329c56fa69223fba7d"
  integrity sha512-994viazmHTJ1ymzvWugXod7dZ42T2ROeFuH6zHPcUfp/69+6cl5r9u3NFb6bW8lLdNjwLYEVPeu3hWzxpZeC0w==
  dependencies:
    "@prisma/debug" "5.11.0"
    "@prisma/engines-version" "5.11.0-15.efd2449663b3d73d637ea1fd226bafbcf45b3102"
    "@prisma/get-platform" "5.11.0"

"@prisma/get-platform@5.11.0":
  version "5.11.0"
  resolved "https://registry.yarnpkg.com/@prisma/get-platform/-/get-platform-5.11.0.tgz#19a768127b1712c27f5dec8a0a79a4c9675829eb"
  integrity sha512-rxtHpMLxNTHxqWuGOLzR2QOyQi79rK1u1XYAVLZxDGTLz/A+uoDnjz9veBFlicrpWjwuieM4N6jcnjj/DDoidw==
  dependencies:
    "@prisma/debug" "5.11.0"

"@types/chai@^4.3.14":
  version "4.3.14"
  resolved "https://registry.yarnpkg.com/@types/chai/-/chai-4.3.14.tgz#ae3055ea2be43c91c9fd700a36d67820026d96e6"
  integrity sha512-Wj71sXE4Q4AkGdG9Tvq1u/fquNz9EdG4LIJMwVVII7ashjD/8cf8fyIfJAjRr6YcsXnSE8cOGQPq1gqeR8z+3w==

"@types/mocha@^10.0.6":
  version "10.0.6"
  resolved "https://registry.yarnpkg.com/@types/mocha/-/mocha-10.0.6.tgz#818551d39113081048bdddbef96701b4e8bb9d1b"
  integrity sha512-dJvrYWxP/UcXm36Qn36fxhUKu8A/xMRXVT2cliFF1Z7UA9liG5Psj3ezNSZw+5puH2czDXRLcXQxf8JbJt0ejg==

assertion-error@^2.0.1:
  version "2.0.1"
  resolved "https://registry.yarnpkg.com/assertion-error/-/assertion-error-2.0.1.tgz#f641a196b335690b1070bf00b6e7593fec190bf7"
  integrity sha512-Izi8RQcffqCeNVgFigKli1ssklIbpHnCYc6AknXGYoB6grJqyeby7jv12JUQgmTAnIDnbck1uxksT4dzN3PWBA==

chai@^5.1.0:
  version "5.1.0"
  resolved "https://registry.yarnpkg.com/chai/-/chai-5.1.0.tgz#648cf2d8b5d16f32646612e22ffd12dc617ef960"
  integrity sha512-kDZ7MZyM6Q1DhR9jy7dalKohXQ2yrlXkk59CR52aRKxJrobmlBNqnFQxX9xOX8w+4mz8SYlKJa/7D7ddltFXCw==
  dependencies:
    assertion-error "^2.0.1"
    check-error "^2.0.0"
    deep-eql "^5.0.1"
    loupe "^3.1.0"
    pathval "^2.0.0"

check-error@^2.0.0:
  version "2.0.0"
  resolved "https://registry.yarnpkg.com/check-error/-/check-error-2.0.0.tgz#589a4f201b6256fd93a2d165089fe43d2676d8c6"
  integrity sha512-tjLAOBHKVxtPoHe/SA7kNOMvhCRdCJ3vETdeY0RuAc9popf+hyaSV6ZEg9hr4cpWF7jmo/JSWEnLDrnijS9Tog==

deep-eql@^5.0.1:
  version "5.0.1"
  resolved "https://registry.yarnpkg.com/deep-eql/-/deep-eql-5.0.1.tgz#21ea2c0d561a4d08cdd99c417ac584e0fb121385"
  integrity sha512-nwQCf6ne2gez3o1MxWifqkciwt0zhl0LO1/UwVu4uMBuPmflWM4oQ70XMqHqnBJA+nhzncaqL9HVL6KkHJ28lw==

get-func-name@^2.0.1:
  version "2.0.2"
  resolved "https://registry.yarnpkg.com/get-func-name/-/get-func-name-2.0.2.tgz#0d7cf20cd13fda808669ffa88f4ffc7a3943fc41"
  integrity sha512-8vXOvuE167CtIc3OyItco7N/dpRtBbYOsPsXCz7X/PMnlGjYjSGuZJgM1Y7mmew7BKf9BqvLX2tnOVy1BBUsxQ==

loupe@^3.1.0:
  version "3.1.0"
  resolved "https://registry.yarnpkg.com/loupe/-/loupe-3.1.0.tgz#46ef1a4ffee73145f5c0a627536d754787c1ea2a"
  integrity sha512-qKl+FrLXUhFuHUoDJG7f8P8gEMHq9NFS0c6ghXG1J0rldmZFQZoNVv/vyirE9qwCIhWZDsvEFd1sbFu3GvRQFg==
  dependencies:
    get-func-name "^2.0.1"

pathval@^2.0.0:
  version "2.0.0"
  resolved "https://registry.yarnpkg.com/pathval/-/pathval-2.0.0.tgz#7e2550b422601d4f6b8e26f1301bc8f15a741a25"
  integrity sha512-vE7JKRyES09KiunauX7nd2Q9/L7lhok4smP9RZTDeD4MVs72Dp2qNFVz39Nz5a0FVEW0BJR6C0DYrq6unoziZA==

prisma@^5.11.0:
  version "5.11.0"
  resolved "https://registry.yarnpkg.com/prisma/-/prisma-5.11.0.tgz#ef3891f79921a2deec6f540eba13a3cc8525f6d2"
  integrity sha512-KCLiug2cs0Je7kGkQBN9jDWoZ90ogE/kvZTUTgz2h94FEo8pczCkPH7fPNXkD1sGU7Yh65risGGD1HQ5DF3r3g==
  dependencies:
    "@prisma/engines" "5.11.0"

typescript@^5.4.3:
  version "5.4.3"
  resolved "https://registry.yarnpkg.com/typescript/-/typescript-5.4.3.tgz#5c6fedd4c87bee01cd7a528a30145521f8e0feff"
  integrity sha512-KrPd3PKaCLr78MalgiwJnA25Nm8HAmdwN3mYUYZgG/wizIo9EainNVQI9/yDavtVFRN2h3k8uf3GLHuhDMgEHg==
